
Microsoft Visual Studio Solution File, Format Version 12.00
# Visual Studio 15
VisualStudioVersion = 15.0.28010.2016
MinimumVisualStudioVersion = 10.0.40219.1
Project("{FAE04EC0-301F-11D3-BF4B-00C04F79EFBC}") = "PhotoArchiver", "PhotoArchiver\PhotoArchiver.csproj", "{969B69EA-49A0-4A97-92AA-68CDA4F0DA9F}"
EndProject
Global
	GlobalSection(SolutionConfigurationPlatforms) = preSolution
		Debug|Any CPU = Debug|Any CPU
		Release|Any CPU = Release|Any CPU
	EndGlobalSection
	GlobalSection(ProjectConfigurationPlatforms) = postSolution
		{969B69EA-49A0-4A97-92AA-68CDA4F0DA9F}.Debug|Any CPU.ActiveCfg = Debug|Any CPU
		{969B69EA-49A0-4A97-92AA-68CDA4F0DA9F}.Debug|Any CPU.Build.0 = Debug|Any CPU
		{969B69EA-49A0-4A97-92AA-68CDA4F0DA9F}.Release|Any CPU.ActiveCfg = Release|Any CPU
		{969B69EA-49A0-4A97-92AA-68CDA4F0DA9F}.Release|Any CPU.Build.0 = Release|Any CPU
	EndGlobalSection
	GlobalSection(SolutionProperties) = preSolution
		HideSolutionNode = FALSE
	EndGlobalSection
	GlobalSection(ExtensibilityGlobals) = postSolution
		SolutionGuid = {3B00FAC0-BEC4-4CD1-9E87-18D3CC91654A}
	EndGlobalSection
EndGlobal
